
Microsoft Visual Studio Solution File, Format Version 12.00
# Visual Studio Version 17
VisualStudioVersion = 17.3.32922.545
MinimumVisualStudioVersion = 10.0.40219.1
Project("{FAE04EC0-301F-11D3-BF4B-00C04F79EFBC}") = "AS2223_4G_INF_BunardziuVehap_Figure", "AS2223_4G_INF_BunardziuVehap_Figure\AS2223_4G_INF_BunardziuVehap_Figure.csproj", "{E967A3EB-3FB8-435D-8F24-2D13FE43B361}"
EndProject
Global
	GlobalSection(SolutionConfigurationPlatforms) = preSolution
		Debug|Any CPU = Debug|Any CPU
		Release|Any CPU = Release|Any CPU
	EndGlobalSection
	GlobalSection(ProjectConfigurationPlatforms) = postSolution
		{E967A3EB-3FB8-435D-8F24-2D13FE43B361}.Debug|Any CPU.ActiveCfg = Debug|Any CPU
		{E967A3EB-3FB8-435D-8F24-2D13FE43B361}.Debug|Any CPU.Build.0 = Debug|Any CPU
		{E967A3EB-3FB8-435D-8F24-2D13FE43B361}.Release|Any CPU.ActiveCfg = Release|Any CPU
		{E967A3EB-3FB8-435D-8F24-2D13FE43B361}.Release|Any CPU.Build.0 = Release|Any CPU
	EndGlobalSection
	GlobalSection(SolutionProperties) = preSolution
		HideSolutionNode = FALSE
	EndGlobalSection
	GlobalSection(ExtensibilityGlobals) = postSolution
		SolutionGuid = {FE795740-D3BC-4923-9F97-958BCBA99665}
	EndGlobalSection
EndGlobal
